
Microsoft Visual Studio Solution File, Format Version 12.00
# Visual Studio Version 17
VisualStudioVersion = 17.7.34024.191
MinimumVisualStudioVersion = 10.0.40219.1
Project("{FAE04EC0-301F-11D3-BF4B-00C04F79EFBC}") = "PrsCSharpServer", "PrsCSharpServer\PrsCSharpServer.csproj", "{1C38DCE6-FED0-4262-8F5D-B666B0F1461E}"
EndProject
Global
	GlobalSection(SolutionConfigurationPlatforms) = preSolution
		Debug|Any CPU = Debug|Any CPU
		Release|Any CPU = Release|Any CPU
	EndGlobalSection
	GlobalSection(ProjectConfigurationPlatforms) = postSolution
		{1C38DCE6-FED0-4262-8F5D-B666B0F1461E}.Debug|Any CPU.ActiveCfg = Debug|Any CPU
		{1C38DCE6-FED0-4262-8F5D-B666B0F1461E}.Debug|Any CPU.Build.0 = Debug|Any CPU
		{1C38DCE6-FED0-4262-8F5D-B666B0F1461E}.Release|Any CPU.ActiveCfg = Release|Any CPU
		{1C38DCE6-FED0-4262-8F5D-B666B0F1461E}.Release|Any CPU.Build.0 = Release|Any CPU
	EndGlobalSection
	GlobalSection(SolutionProperties) = preSolution
		HideSolutionNode = FALSE
	EndGlobalSection
	GlobalSection(ExtensibilityGlobals) = postSolution
		SolutionGuid = {D279075A-6E56-49F5-8A16-4CAE2082F94D}
	EndGlobalSection
EndGlobal
